<?xml version="1.0" encoding="utf-8"?>
<Project ToolsVersion="4.0" xmlns="http://schemas.microsoft.com/developer/msbuild/2003">
  <ItemGroup>
    <Filter Include="Source Files">
      <UniqueIdentifier>{4FC737F1-C7A5-4376-A066-2A32D752A2FF}</UniqueIdentifier>
      <Extensions>cpp;c;cc;cxx;def;odl;idl;hpj;bat;asm;asmx</Extensions>
    </Filter>
    <Filter Include="Header Files">
      <UniqueIdentifier>{93995380-89BD-4b04-88EB-625FBE52EBFB}</UniqueIdentifier>
      <Extensions>h;hh;hpp;hxx;hm;inl;inc;xsd</Extensions>
    </Filter>
    <Filter Include="Resource Files">
      <UniqueIdentifier>{67DA6AB6-F800-4c08-8B7A-83BB121AAD01}</UniqueIdentifier>
      <Extensions>rc;ico;cur;bmp;dlg;rc2;rct;bin;rgs;gif;jpg;jpeg;jpe;resx;tiff;tif;png;wav;mfcribbon-ms</Extensions>
    </Filter>
    <Filter Include="Form Files">
      <UniqueIdentifier>{99349809-55BA-4b9d-BF79-8FDBB0286EB3}</UniqueIdentifier>
      <Extensions>ui</Extensions>
    </Filter>
    <Filter Include="Resource Files">
      <UniqueIdentifier>{D9D6E242-F8AF-46E4-B9FD-80ECBC20BA3E}</UniqueIdentifier>
      <Extensions>qrc;*</Extensions>
      <ParseFiles>false</ParseFiles>
    </Filter>
    <Filter Include="Header Files\UI">
      <UniqueIdentifier>{ea91199a-4d33-4459-9a4a-70381629c9b8}</UniqueIdentifier>
    </Filter>
    <Filter Include="Header Files\Scenario">
      <UniqueIdentifier>{ca21b0da-9146-4a4d-b68d-8ced82f7ad1e}</UniqueIdentifier>
    </Filter>
    <Filter Include="Header Files\Utils">
      <UniqueIdentifier>{4811de04-b436-4523-93b0-5f92fd509061}</UniqueIdentifier>
    </Filter>
    <Filter Include="Source Files\Scenario">
      <UniqueIdentifier>{c70fb7e7-b760-4692-8668-e1ae679deabd}</UniqueIdentifier>
    </Filter>
    <Filter Include="Source Files\UI">
      <UniqueIdentifier>{23dc77ac-9cd0-4f40-85db-1188d7b41149}</UniqueIdentifier>
    </Filter>
    <Filter Include="Source Files\Utils">
      <UniqueIdentifier>{06f09cec-56ac-457b-b6cf-c1e37e113c82}</UniqueIdentifier>
    </Filter>
  </ItemGroup>
  <ItemGroup>
    <QtUic Include="src\forms\HuxQt.ui">
      <Filter>Form Files</Filter>
    </QtUic>
    <QtUic Include="src\forms\PreviewConfigWindow.ui">
      <Filter>Form Files</Filter>
    </QtUic>
    <QtUic Include="src\forms\BrowsePictDialog.ui">
      <Filter>Form Files</Filter>
    </QtUic>
    <QtUic Include="src\forms\ScreenEditTab.ui">
      <Filter>Form Files</Filter>
    </QtUic>
    <QtUic Include="src\forms\AddLevelDialog.ui">
      <Filter>Form Files</Filter>
    </QtUic>
    <QtUic Include="src\forms\ExportScenarioDialog.ui">
      <Filter>Form Files</Filter>
    </QtUic>
    <QtUic Include="src\forms\TerminalEditorWindow.ui">
      <Filter>Form Files</Filter>
    </QtUic>
  </ItemGroup>
  <ItemGroup>
    <ClInclude Include="src\include\Scenario\Level.h">
      <Filter>Header Files\Scenario</Filter>
    </ClInclude>
    <ClInclude Include="src\include\Scenario\Scenario.h">
      <Filter>Header Files\Scenario</Filter>
    </ClInclude>
    <ClInclude Include="src\include\Scenario\ScenarioManager.h">
      <Filter>Header Files\Scenario</Filter>
    </ClInclude>
    <ClInclude Include="src\include\Scenario\Terminal.h">
      <Filter>Header Files\Scenario</Filter>
    </ClInclude>
    <ClInclude Include="src\include\UI\DisplayData.h">
      <Filter>Header Files\UI</Filter>
    </ClInclude>
    <ClInclude Include="src\include\UI\DisplaySystem.h">
      <Filter>Header Files\UI</Filter>
    </ClInclude>
    <ClInclude Include="src\include\Utils\Utilities.h">
      <Filter>Header Files\Utils</Filter>
    </ClInclude>
    <ClInclude Include="src\include\AppCore.h">
      <Filter>Header Files</Filter>
    </ClInclude>
    <ClInclude Include="src\include\stdafx.h">
      <Filter>Header Files</Filter>
    </ClInclude>
    <ClInclude Include="src\include\resource.h">
      <Filter>Header Files</Filter>
    </ClInclude>
  </ItemGroup>
  <ItemGroup>
    <QtMoc Include="src\include\UI\HuxQt.h">
      <Filter>Header Files\UI</Filter>
    </QtMoc>
    <QtMoc Include="src\include\UI\PreviewConfigWindow.h">
      <Filter>Header Files\UI</Filter>
    </QtMoc>
    <QtMoc Include="src\include\UI\BrowsePictDialog.h">
      <Filter>Header Files\UI</Filter>
    </QtMoc>
    <QtMoc Include="src\include\UI\ScreenEditTab.h">
      <Filter>Header Files\UI</Filter>
    </QtMoc>
    <QtMoc Include="src\include\UI\AddLevelDialog.h">
      <Filter>Header Files\UI</Filter>
    </QtMoc>
    <QtMoc Include="src\include\UI\ExportScenarioDialog.h">
      <Filter>Header Files\UI</Filter>
    </QtMoc>
    <QtMoc Include="src\include\UI\TerminalEditorWindow.h">
      <Filter>Header Files\UI</Filter>
    </QtMoc>
    <QtMoc Include="src\include\Utils\ScenarioBrowserWidget.h">
      <Filter>Header Files\Utils</Filter>
    </QtMoc>
  </ItemGroup>
  <ItemGroup>
    <ClCompile Include="src\source\UI\DisplaySystem.cpp">
      <Filter>Source Files\UI</Filter>
    </ClCompile>
    <ClCompile Include="src\source\UI\HuxQt.cpp">
      <Filter>Source Files\UI</Filter>
    </ClCompile>
    <ClCompile Include="src\source\Scenario\Scenario.cpp">
      <Filter>Source Files\Scenario</Filter>
    </ClCompile>
    <ClCompile Include="src\source\Scenario\ScenarioManager.cpp">
      <Filter>Source Files\Scenario</Filter>
    </ClCompile>
    <ClCompile Include="src\source\Scenario\Terminal.cpp">
      <Filter>Source Files\Scenario</Filter>
    </ClCompile>
    <ClCompile Include="src\source\AppCore.cpp">
      <Filter>Source Files</Filter>
    </ClCompile>
    <ClCompile Include="src\source\main.cpp">
      <Filter>Source Files</Filter>
    </ClCompile>
    <ClCompile Include="src\source\stdafx.cpp">
      <Filter>Source Files</Filter>
    </ClCompile>
    <ClCompile Include="src\source\UI\PreviewConfigWindow.cpp">
      <Filter>Source Files\UI</Filter>
    </ClCompile>
    <ClCompile Include="src\source\UI\BrowsePictDialog.cpp">
      <Filter>Source Files\UI</Filter>
    </ClCompile>
    <ClCompile Include="src\source\UI\ScreenEditTab.cpp">
      <Filter>Source Files\UI</Filter>
    </ClCompile>
    <ClCompile Include="src\source\UI\AddLevelDialog.cpp">
      <Filter>Source Files\UI</Filter>
    </ClCompile>
    <ClCompile Include="src\source\UI\ExportScenarioDialog.cpp">
      <Filter>Source Files\UI</Filter>
    </ClCompile>
    <ClCompile Include="src\source\UI\TerminalEditorWindow.cpp">
      <Filter>Source Files\UI</Filter>
    </ClCompile>
    <ClCompile Include="src\source\Scenario\Level.cpp">
      <Filter>Source Files\Scenario</Filter>
    </ClCompile>
    <ClCompile Include="src\source\Utils\ScenarioBrowserWidget.cpp">
      <Filter>Source Files\Utils</Filter>
    </ClCompile>
  </ItemGroup>
  <ItemGroup>
    <Image Include="src\resources\fat_hux.ico">
      <Filter>Resource Files</Filter>
    </Image>
  </ItemGroup>
  <ItemGroup>
    <QtRcc Include="src\resources\HuxQt.qrc">
      <Filter>Resource Files</Filter>
    </QtRcc>
  </ItemGroup>
  <ItemGroup>
    <ResourceCompile Include="src\resources\HuxQt.rc">
      <Filter>Resource Files</Filter>
    </ResourceCompile>
  </ItemGroup>
</Project>